
Microsoft Visual Studio Solution File, Format Version 12.00
# Visual Studio Version 16
VisualStudioVersion = 16.0.30717.126
MinimumVisualStudioVersion = 10.0.40219.1
Project("{FAE04EC0-301F-11D3-BF4B-00C04F79EFBC}") = "QLTT", "QLTT\QLTT.csproj", "{3B36CE10-01E9-4322-8BEF-D812D9BD7481}"
EndProject
Global
	GlobalSection(SolutionConfigurationPlatforms) = preSolution
		Debug|Any CPU = Debug|Any CPU
		Release|Any CPU = Release|Any CPU
	EndGlobalSection
	GlobalSection(ProjectConfigurationPlatforms) = postSolution
		{3B36CE10-01E9-4322-8BEF-D812D9BD7481}.Debug|Any CPU.ActiveCfg = Debug|Any CPU
		{3B36CE10-01E9-4322-8BEF-D812D9BD7481}.Debug|Any CPU.Build.0 = Debug|Any CPU
		{3B36CE10-01E9-4322-8BEF-D812D9BD7481}.Release|Any CPU.ActiveCfg = Release|Any CPU
		{3B36CE10-01E9-4322-8BEF-D812D9BD7481}.Release|Any CPU.Build.0 = Release|Any CPU
	EndGlobalSection
	GlobalSection(SolutionProperties) = preSolution
		HideSolutionNode = FALSE
	EndGlobalSection
	GlobalSection(ExtensibilityGlobals) = postSolution
		SolutionGuid = {BF09B380-0DA1-4A7E-9A3A-16731D7E14AF}
	EndGlobalSection
EndGlobal
